// !$*UTF8*$!
{
	archiveVersion = 1;
	classes = {
	};
	objectVersion = 55;
	objects = {

/* Begin PBXBuildFile section */
		0185B1C63A6182D9BF30DBF7 /* Validation.swift in Sources */ = {isa = PBXBuildFile; fileRef = BE8F77940B7343B900857A2F /* Validation.swift */; };
		08ADDB84028CB763C8B08752 /* CFNetwork.framework in Frameworks */ = {isa = PBXBuildFile; fileRef = E2555371E5455FA18A6340F8 /* CFNetwork.framework */; };
		0A145AE58B04BD229488E232 /* HTTPHeaders.swift in Sources */ = {isa = PBXBuildFile; fileRef = 74235A906B99C3A6E7E92602 /* HTTPHeaders.swift */; };
		10E2BB188282CAFEDEE38062 /* URLEncodedFormEncoder.swift in Sources */ = {isa = PBXBuildFile; fileRef = 2C6294DE78B40CC538FC94CB /* URLEncodedFormEncoder.swift */; };
		192A26DDB4B5AB26D2B9310C /* RequestTaskMap.swift in Sources */ = {isa = PBXBuildFile; fileRef = 82BF3D5AF57B0945EE29629B /* RequestTaskMap.swift */; };
		1AAD463B6BBF212F71540703 /* SessionDelegate.swift in Sources */ = {isa = PBXBuildFile; fileRef = 0D1F83808651BCFFFB3DAB4C /* SessionDelegate.swift */; };
		1B4BA42F9611AB33F9B8AE8A /* DownloadRequest.swift in Sources */ = {isa = PBXBuildFile; fileRef = D85DCC86DF67268D6DF1CB86 /* DownloadRequest.swift */; };
		1EEBD1B6A722DB2F2E262CE0 /* Result+Alamofire.swift in Sources */ = {isa = PBXBuildFile; fileRef = 9FBB5A0AD4320D79F2ED7070 /* Result+Alamofire.swift */; };
		27C0DA55467AB48AD05ED3EB /* RequestCompression.swift in Sources */ = {isa = PBXBuildFile; fileRef = 33D4178FC09C838B6DA85C55 /* RequestCompression.swift */; };
		34B4D9D33D9863270537F3C7 /* RetryPolicy.swift in Sources */ = {isa = PBXBuildFile; fileRef = A17A1F28246756D4B111CB95 /* RetryPolicy.swift */; };
		49B8283EC316F1365C414CBB /* OperationQueue+Alamofire.swift in Sources */ = {isa = PBXBuildFile; fileRef = 439CB87B90840E8C374D4F9B /* OperationQueue+Alamofire.swift */; };
		54F0990C11A2C3525EEEE40E /* MultipartUpload.swift in Sources */ = {isa = PBXBuildFile; fileRef = 79A8AF4A77EFEBE8D3002664 /* MultipartUpload.swift */; };
		55D84EA87E46B0207FFFF2CF /* PrivacyInfo.xcprivacy in Resources */ = {isa = PBXBuildFile; fileRef = 0735D289ECF80C51D5646B23 /* PrivacyInfo.xcprivacy */; };
		594A84C0F7AAC11A60779B50 /* CachedResponseHandler.swift in Sources */ = {isa = PBXBuildFile; fileRef = 5412C7059D851D7546EFDF3E /* CachedResponseHandler.swift */; };
		6BAC45A208E07735F3C857BC /* DataRequest.swift in Sources */ = {isa = PBXBuildFile; fileRef = 66774341EC961D02B487518B /* DataRequest.swift */; };
		6E2539F27F812059C5E300B2 /* WebSocketRequest.swift in Sources */ = {isa = PBXBuildFile; fileRef = 57B5BF0FAF6BFB2891ED2803 /* WebSocketRequest.swift */; };
		7331F2C511E314A9FE5E5D19 /* HTTPMethod.swift in Sources */ = {isa = PBXBuildFile; fileRef = 4AD6B18FF8BA6A9CAF73EA3F /* HTTPMethod.swift */; };
		74A5DD607D41055C9F5410BF /* Notifications.swift in Sources */ = {isa = PBXBuildFile; fileRef = 22C6FCD02615CAD2E983563F /* Notifications.swift */; };
		75545F5838C14E7B886218E9 /* EventMonitor.swift in Sources */ = {isa = PBXBuildFile; fileRef = 03410CC17058EA6CD87DDFF9 /* EventMonitor.swift */; };
		7758D4DA59FEEE4F2AC529D5 /* AlamofireExtended.swift in Sources */ = {isa = PBXBuildFile; fileRef = 2CBE53463A058E1755CC6FA5 /* AlamofireExtended.swift */; };
		7AC8D6CB3B7A332B4666AB3E /* NetworkReachabilityManager.swift in Sources */ = {isa = PBXBuildFile; fileRef = A2E7AD5F1C87579DD78AEE06 /* NetworkReachabilityManager.swift */; };
		7DDD2673487608C9610FF41C /* URLSessionConfiguration+Alamofire.swift in Sources */ = {isa = PBXBuildFile; fileRef = 1FC57DAC390CE8A0D945CB63 /* URLSessionConfiguration+Alamofire.swift */; };
		870AAEF1113D071FB83350CD /* URLConvertible+URLRequestConvertible.swift in Sources */ = {isa = PBXBuildFile; fileRef = 53F5D28CAFA6D39A63622EE3 /* URLConvertible+URLRequestConvertible.swift */; };
		8AB0C029B5C2E92A87B8A014 /* AuthenticationInterceptor.swift in Sources */ = {isa = PBXBuildFile; fileRef = A4FBF7AEFE100C64F57EDCA7 /* AuthenticationInterceptor.swift */; };
		8B598D97E7F9855FCEB32D5B /* StringEncoding+Alamofire.swift in Sources */ = {isa = PBXBuildFile; fileRef = 709F1C80536F7BCF51F1F479 /* StringEncoding+Alamofire.swift */; };
		9400FFB28A4CDEB05030E07D /* ParameterEncoding.swift in Sources */ = {isa = PBXBuildFile; fileRef = C505E6315E816A3B764F35D3 /* ParameterEncoding.swift */; };
		947CF63C5CA5D9F64A36E355 /* Protected.swift in Sources */ = {isa = PBXBuildFile; fileRef = 9633AED0AE04583F58EC4573 /* Protected.swift */; };
		A2E30488F15696817C485D42 /* ResponseSerialization.swift in Sources */ = {isa = PBXBuildFile; fileRef = D2BB226F4BFDA2249996ABF2 /* ResponseSerialization.swift */; };
		AAB8CFD2B1EBB43F00E3D4B6 /* ParameterEncoder.swift in Sources */ = {isa = PBXBuildFile; fileRef = 2A4076DE5A4C9CC841879819 /* ParameterEncoder.swift */; };
		B7CCDC26B94449B70CD01075 /* ServerTrustEvaluation.swift in Sources */ = {isa = PBXBuildFile; fileRef = E869467E695C6A256AC06BDD /* ServerTrustEvaluation.swift */; };
		BDD4B4DA7AC5E123DEE36B65 /* AFError.swift in Sources */ = {isa = PBXBuildFile; fileRef = 7EA34743B760F0EA878B7CAB /* AFError.swift */; };
		C25EB282844EC597591F792C /* Alamofire.swift in Sources */ = {isa = PBXBuildFile; fileRef = 20E2A3AF3B3438FFF9AA3DBC /* Alamofire.swift */; };
		C4669680B79536BAFA1FFB30 /* Concurrency.swift in Sources */ = {isa = PBXBuildFile; fileRef = 91D0CF4AC7FAB1B3112E52C2 /* Concurrency.swift */; };
		C503328765FC0CB2C6F8CED9 /* DispatchQueue+Alamofire.swift in Sources */ = {isa = PBXBuildFile; fileRef = AF5D93F9969FE8A6225A9094 /* DispatchQueue+Alamofire.swift */; };
		C73F44BF0725C627FFFABD4E /* RequestInterceptor.swift in Sources */ = {isa = PBXBuildFile; fileRef = 874616FBE06DB7C3B38289C4 /* RequestInterceptor.swift */; };
		CAB77176F15B927F28BBB65C /* OfflineRetrier.swift in Sources */ = {isa = PBXBuildFile; fileRef = B35C62D2DCF1D6392E521062 /* OfflineRetrier.swift */; };
		CE62AB1E8B9AB697452998EE /* URLRequest+Alamofire.swift in Sources */ = {isa = PBXBuildFile; fileRef = 47DD2A2DE3346B312E69719D /* URLRequest+Alamofire.swift */; };
		DA655BA9ECD92482B67A52F8 /* Session.swift in Sources */ = {isa = PBXBuildFile; fileRef = DF9852018165D080C6EFFDE0 /* Session.swift */; };
		DC6D703DAF399180948792B7 /* UploadRequest.swift in Sources */ = {isa = PBXBuildFile; fileRef = 14FA8138A0E525011B0BBCE6 /* UploadRequest.swift */; };
		DECAD446F2FCDA4C9DBA456B /* MultipartFormData.swift in Sources */ = {isa = PBXBuildFile; fileRef = 50F218D1B8B8CB492603EE31 /* MultipartFormData.swift */; };
		DF8BA57D1A28DBEB80AC2861 /* RedirectHandler.swift in Sources */ = {isa = PBXBuildFile; fileRef = 147B77CDAE797788E804016B /* RedirectHandler.swift */; };
		E7533C4646D5A391912F9A03 /* Request.swift in Sources */ = {isa = PBXBuildFile; fileRef = EF92A2E8681C2CCA06B5DFE7 /* Request.swift */; };
		E84C5D2912EEA645BC5765DE /* Combine.swift in Sources */ = {isa = PBXBuildFile; fileRef = A945DA98A68C991F64850191 /* Combine.swift */; };
		F6D5A4825DBAA69C5925BBAF /* Response.swift in Sources */ = {isa = PBXBuildFile; fileRef = 9867495BA529755F392C91CE /* Response.swift */; };
		FD99F6FC037976F5B935B4F6 /* DataStreamRequest.swift in Sources */ = {isa = PBXBuildFile; fileRef = 413B17822AE733786727E36B /* DataStreamRequest.swift */; };
		FE97517B7C67ABB312D9EBB4 /* TuistBundle+Alamofire.swift in Sources */ = {isa = PBXBuildFile; fileRef = 36B0E261A68B00A4ECC478D3 /* TuistBundle+Alamofire.swift */; };
/* End PBXBuildFile section */

/* Begin PBXCopyFilesBuildPhase section */
		320222121DC767E16A0A1C7B /* Embed Frameworks */ = {
			isa = PBXCopyFilesBuildPhase;
			buildActionMask = 2147483647;
			dstPath = "";
			dstSubfolderSpec = 10;
			files = (
			);
			name = "Embed Frameworks";
			runOnlyForDeploymentPostprocessing = 0;
		};
/* End PBXCopyFilesBuildPhase section */

/* Begin PBXFileReference section */
		03410CC17058EA6CD87DDFF9 /* EventMonitor.swift */ = {isa = PBXFileReference; lastKnownFileType = sourcecode.swift; path = EventMonitor.swift; sourceTree = "<group>"; };
		0735D289ECF80C51D5646B23 /* PrivacyInfo.xcprivacy */ = {isa = PBXFileReference; path = PrivacyInfo.xcprivacy; sourceTree = "<group>"; };
		0D1F83808651BCFFFB3DAB4C /* SessionDelegate.swift */ = {isa = PBXFileReference; lastKnownFileType = sourcecode.swift; path = SessionDelegate.swift; sourceTree = "<group>"; };
		147B77CDAE797788E804016B /* RedirectHandler.swift */ = {isa = PBXFileReference; lastKnownFileType = sourcecode.swift; path = RedirectHandler.swift; sourceTree = "<group>"; };
		14FA8138A0E525011B0BBCE6 /* UploadRequest.swift */ = {isa = PBXFileReference; lastKnownFileType = sourcecode.swift; path = UploadRequest.swift; sourceTree = "<group>"; };
		1FC57DAC390CE8A0D945CB63 /* URLSessionConfiguration+Alamofire.swift */ = {isa = PBXFileReference; lastKnownFileType = sourcecode.swift; path = "URLSessionConfiguration+Alamofire.swift"; sourceTree = "<group>"; };
		20E2A3AF3B3438FFF9AA3DBC /* Alamofire.swift */ = {isa = PBXFileReference; lastKnownFileType = sourcecode.swift; path = Alamofire.swift; sourceTree = "<group>"; };
		22C6FCD02615CAD2E983563F /* Notifications.swift */ = {isa = PBXFileReference; lastKnownFileType = sourcecode.swift; path = Notifications.swift; sourceTree = "<group>"; };
		2A4076DE5A4C9CC841879819 /* ParameterEncoder.swift */ = {isa = PBXFileReference; lastKnownFileType = sourcecode.swift; path = ParameterEncoder.swift; sourceTree = "<group>"; };
		2C6294DE78B40CC538FC94CB /* URLEncodedFormEncoder.swift */ = {isa = PBXFileReference; lastKnownFileType = sourcecode.swift; path = URLEncodedFormEncoder.swift; sourceTree = "<group>"; };
		2CBE53463A058E1755CC6FA5 /* AlamofireExtended.swift */ = {isa = PBXFileReference; lastKnownFileType = sourcecode.swift; path = AlamofireExtended.swift; sourceTree = "<group>"; };
		33D4178FC09C838B6DA85C55 /* RequestCompression.swift */ = {isa = PBXFileReference; lastKnownFileType = sourcecode.swift; path = RequestCompression.swift; sourceTree = "<group>"; };
		36B0E261A68B00A4ECC478D3 /* TuistBundle+Alamofire.swift */ = {isa = PBXFileReference; lastKnownFileType = sourcecode.swift; path = "TuistBundle+Alamofire.swift"; sourceTree = "<group>"; };
		413B17822AE733786727E36B /* DataStreamRequest.swift */ = {isa = PBXFileReference; lastKnownFileType = sourcecode.swift; path = DataStreamRequest.swift; sourceTree = "<group>"; };
		439CB87B90840E8C374D4F9B /* OperationQueue+Alamofire.swift */ = {isa = PBXFileReference; lastKnownFileType = sourcecode.swift; path = "OperationQueue+Alamofire.swift"; sourceTree = "<group>"; };
		47DD2A2DE3346B312E69719D /* URLRequest+Alamofire.swift */ = {isa = PBXFileReference; lastKnownFileType = sourcecode.swift; path = "URLRequest+Alamofire.swift"; sourceTree = "<group>"; };
		4AD6B18FF8BA6A9CAF73EA3F /* HTTPMethod.swift */ = {isa = PBXFileReference; lastKnownFileType = sourcecode.swift; path = HTTPMethod.swift; sourceTree = "<group>"; };
		50F218D1B8B8CB492603EE31 /* MultipartFormData.swift */ = {isa = PBXFileReference; lastKnownFileType = sourcecode.swift; path = MultipartFormData.swift; sourceTree = "<group>"; };
		53F5D28CAFA6D39A63622EE3 /* URLConvertible+URLRequestConvertible.swift */ = {isa = PBXFileReference; lastKnownFileType = sourcecode.swift; path = "URLConvertible+URLRequestConvertible.swift"; sourceTree = "<group>"; };
		5412C7059D851D7546EFDF3E /* CachedResponseHandler.swift */ = {isa = PBXFileReference; lastKnownFileType = sourcecode.swift; path = CachedResponseHandler.swift; sourceTree = "<group>"; };
		57B5BF0FAF6BFB2891ED2803 /* WebSocketRequest.swift */ = {isa = PBXFileReference; lastKnownFileType = sourcecode.swift; path = WebSocketRequest.swift; sourceTree = "<group>"; };
		66774341EC961D02B487518B /* DataRequest.swift */ = {isa = PBXFileReference; lastKnownFileType = sourcecode.swift; path = DataRequest.swift; sourceTree = "<group>"; };
		709F1C80536F7BCF51F1F479 /* StringEncoding+Alamofire.swift */ = {isa = PBXFileReference; lastKnownFileType = sourcecode.swift; path = "StringEncoding+Alamofire.swift"; sourceTree = "<group>"; };
		74235A906B99C3A6E7E92602 /* HTTPHeaders.swift */ = {isa = PBXFileReference; lastKnownFileType = sourcecode.swift; path = HTTPHeaders.swift; sourceTree = "<group>"; };
		79A8AF4A77EFEBE8D3002664 /* MultipartUpload.swift */ = {isa = PBXFileReference; lastKnownFileType = sourcecode.swift; path = MultipartUpload.swift; sourceTree = "<group>"; };
		7EA34743B760F0EA878B7CAB /* AFError.swift */ = {isa = PBXFileReference; lastKnownFileType = sourcecode.swift; path = AFError.swift; sourceTree = "<group>"; };
		82BF3D5AF57B0945EE29629B /* RequestTaskMap.swift */ = {isa = PBXFileReference; lastKnownFileType = sourcecode.swift; path = RequestTaskMap.swift; sourceTree = "<group>"; };
		874616FBE06DB7C3B38289C4 /* RequestInterceptor.swift */ = {isa = PBXFileReference; lastKnownFileType = sourcecode.swift; path = RequestInterceptor.swift; sourceTree = "<group>"; };
		91D0CF4AC7FAB1B3112E52C2 /* Concurrency.swift */ = {isa = PBXFileReference; lastKnownFileType = sourcecode.swift; path = Concurrency.swift; sourceTree = "<group>"; };
		9633AED0AE04583F58EC4573 /* Protected.swift */ = {isa = PBXFileReference; lastKnownFileType = sourcecode.swift; path = Protected.swift; sourceTree = "<group>"; };
		9867495BA529755F392C91CE /* Response.swift */ = {isa = PBXFileReference; lastKnownFileType = sourcecode.swift; path = Response.swift; sourceTree = "<group>"; };
		9FBB5A0AD4320D79F2ED7070 /* Result+Alamofire.swift */ = {isa = PBXFileReference; lastKnownFileType = sourcecode.swift; path = "Result+Alamofire.swift"; sourceTree = "<group>"; };
		A17A1F28246756D4B111CB95 /* RetryPolicy.swift */ = {isa = PBXFileReference; lastKnownFileType = sourcecode.swift; path = RetryPolicy.swift; sourceTree = "<group>"; };
		A2E7AD5F1C87579DD78AEE06 /* NetworkReachabilityManager.swift */ = {isa = PBXFileReference; lastKnownFileType = sourcecode.swift; path = NetworkReachabilityManager.swift; sourceTree = "<group>"; };
		A4FBF7AEFE100C64F57EDCA7 /* AuthenticationInterceptor.swift */ = {isa = PBXFileReference; lastKnownFileType = sourcecode.swift; path = AuthenticationInterceptor.swift; sourceTree = "<group>"; };
		A945DA98A68C991F64850191 /* Combine.swift */ = {isa = PBXFileReference; lastKnownFileType = sourcecode.swift; path = Combine.swift; sourceTree = "<group>"; };
		AF5D93F9969FE8A6225A9094 /* DispatchQueue+Alamofire.swift */ = {isa = PBXFileReference; lastKnownFileType = sourcecode.swift; path = "DispatchQueue+Alamofire.swift"; sourceTree = "<group>"; };
		B35C62D2DCF1D6392E521062 /* OfflineRetrier.swift */ = {isa = PBXFileReference; lastKnownFileType = sourcecode.swift; path = OfflineRetrier.swift; sourceTree = "<group>"; };
		BE8F77940B7343B900857A2F /* Validation.swift */ = {isa = PBXFileReference; lastKnownFileType = sourcecode.swift; path = Validation.swift; sourceTree = "<group>"; };
		C505E6315E816A3B764F35D3 /* ParameterEncoding.swift */ = {isa = PBXFileReference; lastKnownFileType = sourcecode.swift; path = ParameterEncoding.swift; sourceTree = "<group>"; };
		D2BB226F4BFDA2249996ABF2 /* ResponseSerialization.swift */ = {isa = PBXFileReference; lastKnownFileType = sourcecode.swift; path = ResponseSerialization.swift; sourceTree = "<group>"; };
		D85DCC86DF67268D6DF1CB86 /* DownloadRequest.swift */ = {isa = PBXFileReference; lastKnownFileType = sourcecode.swift; path = DownloadRequest.swift; sourceTree = "<group>"; };
		DF9852018165D080C6EFFDE0 /* Session.swift */ = {isa = PBXFileReference; lastKnownFileType = sourcecode.swift; path = Session.swift; sourceTree = "<group>"; };
		E2555371E5455FA18A6340F8 /* CFNetwork.framework */ = {isa = PBXFileReference; lastKnownFileType = wrapper.framework; name = CFNetwork.framework; path = Platforms/iPhoneOS.platform/Developer/SDKs/iPhoneOS.sdk/System/Library/Frameworks/CFNetwork.framework; sourceTree = DEVELOPER_DIR; };
		E3E00575FDB17030C05E772B /* Alamofire-Info.plist */ = {isa = PBXFileReference; lastKnownFileType = text.plist; path = "Alamofire-Info.plist"; sourceTree = "<group>"; };
		E869467E695C6A256AC06BDD /* ServerTrustEvaluation.swift */ = {isa = PBXFileReference; lastKnownFileType = sourcecode.swift; path = ServerTrustEvaluation.swift; sourceTree = "<group>"; };
		EF92A2E8681C2CCA06B5DFE7 /* Request.swift */ = {isa = PBXFileReference; lastKnownFileType = sourcecode.swift; path = Request.swift; sourceTree = "<group>"; };
		F8ABA9D0812B57D6E7D32F5D /* Alamofire.framework */ = {isa = PBXFileReference; explicitFileType = wrapper.framework; includeInIndex = 0; path = Alamofire.framework; sourceTree = BUILT_PRODUCTS_DIR; };
/* End PBXFileReference section */

/* Begin PBXFrameworksBuildPhase section */
		3B2A079E7E9FCFE0FD312C99 /* Frameworks */ = {
			isa = PBXFrameworksBuildPhase;
			buildActionMask = 2147483647;
			files = (
				08ADDB84028CB763C8B08752 /* CFNetwork.framework in Frameworks */,
			);
			runOnlyForDeploymentPostprocessing = 0;
		};
/* End PBXFrameworksBuildPhase section */

/* Begin PBXGroup section */
		0948E8F86BE31DB87ABEC8D4 /* Extensions */ = {
			isa = PBXGroup;
			children = (
				AF5D93F9969FE8A6225A9094 /* DispatchQueue+Alamofire.swift */,
				439CB87B90840E8C374D4F9B /* OperationQueue+Alamofire.swift */,
				9FBB5A0AD4320D79F2ED7070 /* Result+Alamofire.swift */,
				709F1C80536F7BCF51F1F479 /* StringEncoding+Alamofire.swift */,
				47DD2A2DE3346B312E69719D /* URLRequest+Alamofire.swift */,
				1FC57DAC390CE8A0D945CB63 /* URLSessionConfiguration+Alamofire.swift */,
			);
			path = Extensions;
			sourceTree = "<group>";
		};
		15FACA9C9F6A5D1674FA72D5 /* ../../checkouts/Alamofire */ = {
			isa = PBXGroup;
			children = (
				28CB773E7C9BC7A6ABE163DA /* Products */,
				B16C9CD799126101AA828761 /* Project */,
				ECFD89E05E209B1FF432A69C /* Frameworks */,
			);
			path = ../../checkouts/Alamofire;
			sourceTree = "<group>";
		};
		28CB773E7C9BC7A6ABE163DA /* Products */ = {
			isa = PBXGroup;
			children = (
				F8ABA9D0812B57D6E7D32F5D /* Alamofire.framework */,
			);
			name = Products;
			sourceTree = "<group>";
		};
		36BE5674B6A4E038FC00FF8C /* Core */ = {
			isa = PBXGroup;
			children = (
				7EA34743B760F0EA878B7CAB /* AFError.swift */,
				66774341EC961D02B487518B /* DataRequest.swift */,
				413B17822AE733786727E36B /* DataStreamRequest.swift */,
				D85DCC86DF67268D6DF1CB86 /* DownloadRequest.swift */,
				74235A906B99C3A6E7E92602 /* HTTPHeaders.swift */,
				4AD6B18FF8BA6A9CAF73EA3F /* HTTPMethod.swift */,
				22C6FCD02615CAD2E983563F /* Notifications.swift */,
				2A4076DE5A4C9CC841879819 /* ParameterEncoder.swift */,
				C505E6315E816A3B764F35D3 /* ParameterEncoding.swift */,
				9633AED0AE04583F58EC4573 /* Protected.swift */,
				EF92A2E8681C2CCA06B5DFE7 /* Request.swift */,
				82BF3D5AF57B0945EE29629B /* RequestTaskMap.swift */,
				9867495BA529755F392C91CE /* Response.swift */,
				DF9852018165D080C6EFFDE0 /* Session.swift */,
				0D1F83808651BCFFFB3DAB4C /* SessionDelegate.swift */,
				14FA8138A0E525011B0BBCE6 /* UploadRequest.swift */,
				53F5D28CAFA6D39A63622EE3 /* URLConvertible+URLRequestConvertible.swift */,
				57B5BF0FAF6BFB2891ED2803 /* WebSocketRequest.swift */,
			);
			path = Core;
			sourceTree = "<group>";
		};
		3B516B0444688406AD7D75FA /* Sources */ = {
			isa = PBXGroup;
			children = (
				36B0E261A68B00A4ECC478D3 /* TuistBundle+Alamofire.swift */,
			);
			path = Sources;
			sourceTree = "<group>";
		};
		417B4B8861A3A8ADC079DBC6 /* Features */ = {
			isa = PBXGroup;
			children = (
				2CBE53463A058E1755CC6FA5 /* AlamofireExtended.swift */,
				A4FBF7AEFE100C64F57EDCA7 /* AuthenticationInterceptor.swift */,
				5412C7059D851D7546EFDF3E /* CachedResponseHandler.swift */,
				A945DA98A68C991F64850191 /* Combine.swift */,
				91D0CF4AC7FAB1B3112E52C2 /* Concurrency.swift */,
				03410CC17058EA6CD87DDFF9 /* EventMonitor.swift */,
				50F218D1B8B8CB492603EE31 /* MultipartFormData.swift */,
				79A8AF4A77EFEBE8D3002664 /* MultipartUpload.swift */,
				A2E7AD5F1C87579DD78AEE06 /* NetworkReachabilityManager.swift */,
				B35C62D2DCF1D6392E521062 /* OfflineRetrier.swift */,
				147B77CDAE797788E804016B /* RedirectHandler.swift */,
				33D4178FC09C838B6DA85C55 /* RequestCompression.swift */,
				874616FBE06DB7C3B38289C4 /* RequestInterceptor.swift */,
				D2BB226F4BFDA2249996ABF2 /* ResponseSerialization.swift */,
				A17A1F28246756D4B111CB95 /* RetryPolicy.swift */,
				E869467E695C6A256AC06BDD /* ServerTrustEvaluation.swift */,
				2C6294DE78B40CC538FC94CB /* URLEncodedFormEncoder.swift */,
				BE8F77940B7343B900857A2F /* Validation.swift */,
			);
			path = Features;
			sourceTree = "<group>";
		};
		5C72BB612E236DE41DAC713E /* Alamofire */ = {
			isa = PBXGroup;
			children = (
				90949A6DE6E22D0D4E4D8383 /* InfoPlists */,
				3B516B0444688406AD7D75FA /* Sources */,
			);
			path = Alamofire;
			sourceTree = "<group>";
		};
		90949A6DE6E22D0D4E4D8383 /* InfoPlists */ = {
			isa = PBXGroup;
			children = (
				E3E00575FDB17030C05E772B /* Alamofire-Info.plist */,
			);
			path = InfoPlists;
			sourceTree = "<group>";
		};
		A411A2B3337E1FCF592AF56F /* Source */ = {
			isa = PBXGroup;
			children = (
				36BE5674B6A4E038FC00FF8C /* Core */,
				0948E8F86BE31DB87ABEC8D4 /* Extensions */,
				417B4B8861A3A8ADC079DBC6 /* Features */,
				20E2A3AF3B3438FFF9AA3DBC /* Alamofire.swift */,
				0735D289ECF80C51D5646B23 /* PrivacyInfo.xcprivacy */,
			);
			path = Source;
			sourceTree = "<group>";
		};
		A89F9D24A5D8052B705141C6 /* tuist-derived */ = {
			isa = PBXGroup;
			children = (
				5C72BB612E236DE41DAC713E /* Alamofire */,
			);
			name = "tuist-derived";
			path = "../../tuist-derived";
			sourceTree = "<group>";
		};
		B16C9CD799126101AA828761 /* Project */ = {
			isa = PBXGroup;
			children = (
				A411A2B3337E1FCF592AF56F /* Source */,
				A89F9D24A5D8052B705141C6 /* tuist-derived */,
			);
			name = Project;
			sourceTree = "<group>";
		};
		ECFD89E05E209B1FF432A69C /* Frameworks */ = {
			isa = PBXGroup;
			children = (
				E2555371E5455FA18A6340F8 /* CFNetwork.framework */,
			);
			name = Frameworks;
			sourceTree = "<group>";
		};
/* End PBXGroup section */

/* Begin PBXNativeTarget section */
		2A717419231F3C0B8A3E0F06 /* Alamofire */ = {
			isa = PBXNativeTarget;
			buildConfigurationList = 35AEBC2E4525CD6CDC41B369 /* Build configuration list for PBXNativeTarget "Alamofire" */;
			buildPhases = (
				2BBD49003ACD7CBB4B741D9C /* Sources */,
				4E2B0027863B45050850AB1B /* Resources */,
				3B2A079E7E9FCFE0FD312C99 /* Frameworks */,
				320222121DC767E16A0A1C7B /* Embed Frameworks */,
				9444DB7F9E34B4A70A5B8176 /* Copy Built Products for Explicit Dependencies */,
			);
			buildRules = (
			);
			dependencies = (
			);
			name = Alamofire;
			packageProductDependencies = (
			);
			productName = Alamofire;
			productReference = F8ABA9D0812B57D6E7D32F5D /* Alamofire.framework */;
			productType = "com.apple.product-type.framework";
		};
/* End PBXNativeTarget section */

/* Begin PBXProject section */
		BEBA27673E873263E302447A /* Project object */ = {
			isa = PBXProject;
			attributes = {
				BuildIndependentTargetsInParallel = YES;
				LastUpgradeCheck = 9999;
				TargetAttributes = {
				};
			};
			buildConfigurationList = 6886ED232AAA40AE7B2F2D0A /* Build configuration list for PBXProject "Alamofire" */;
			compatibilityVersion = "Xcode 14.0";
			developmentRegion = en;
			hasScannedForEncodings = 0;
			knownRegions = (
				Base,
				en,
			);
			mainGroup = 15FACA9C9F6A5D1674FA72D5 /* ../../checkouts/Alamofire */;
			productRefGroup = 28CB773E7C9BC7A6ABE163DA /* Products */;
			projectDirPath = "";
			projectRoot = "";
			targets = (
				2A717419231F3C0B8A3E0F06 /* Alamofire */,
			);
		};
/* End PBXProject section */

/* Begin PBXResourcesBuildPhase section */
		4E2B0027863B45050850AB1B /* Resources */ = {
			isa = PBXResourcesBuildPhase;
			buildActionMask = 2147483647;
			files = (
				55D84EA87E46B0207FFFF2CF /* PrivacyInfo.xcprivacy in Resources */,
			);
			runOnlyForDeploymentPostprocessing = 0;
		};
/* End PBXResourcesBuildPhase section */

/* Begin PBXShellScriptBuildPhase section */
		9444DB7F9E34B4A70A5B8176 /* Copy Built Products for Explicit Dependencies */ = {
			isa = PBXShellScriptBuildPhase;
			buildActionMask = 2147483647;
			files = (
			);
			inputFileListPaths = (
			);
			inputPaths = (
				"$(BUILD_DIR)/Debug$(EFFECTIVE_PLATFORM_NAME)$(TARGET_BUILD_SUBPATH)/$(PRODUCT_NAME)/$(PRODUCT_NAME).framework",
			);
			name = "Copy Built Products for Explicit Dependencies";
			outputFileListPaths = (
			);
			outputPaths = (
				"$(BUILD_DIR)/Debug$(EFFECTIVE_PLATFORM_NAME)$(TARGET_BUILD_SUBPATH)/$(PRODUCT_NAME).framework",
			);
			runOnlyForDeploymentPostprocessing = 0;
			shellPath = /bin/sh;
			shellScript = "# This script copies built products into the shared directory to be available for app and other targets that don't have scoped directories\n# If you try to archive any of the configurations seen in the output paths, the operation will fail due to `Multiple commands produce` error\n\nFILE=\"$BUILD_DIR/Debug$EFFECTIVE_PLATFORM_NAME$TARGET_BUILD_SUBPATH/$PRODUCT_NAME/$PRODUCT_NAME.framework\"\nDESTINATION_FILE=\"$BUILD_DIR/Debug$EFFECTIVE_PLATFORM_NAME$TARGET_BUILD_SUBPATH/$PRODUCT_NAME.framework\"\nif [[ -d \"$FILE\" && ! -d \"$DESTINATION_FILE\" ]]; then\n    ln -s \"$FILE\" \"$DESTINATION_FILE\"\nfi\n\nif [[ -f \"$FILE\" && ! -f \"$DESTINATION_FILE\" ]]; then\n    ln -s \"$FILE\" \"$DESTINATION_FILE\"\nfi";
		};
/* End PBXShellScriptBuildPhase section */

/* Begin PBXSourcesBuildPhase section */
		2BBD49003ACD7CBB4B741D9C /* Sources */ = {
			isa = PBXSourcesBuildPhase;
			buildActionMask = 2147483647;
			files = (
				C25EB282844EC597591F792C /* Alamofire.swift in Sources */,
				BDD4B4DA7AC5E123DEE36B65 /* AFError.swift in Sources */,
				6BAC45A208E07735F3C857BC /* DataRequest.swift in Sources */,
				FD99F6FC037976F5B935B4F6 /* DataStreamRequest.swift in Sources */,
				1B4BA42F9611AB33F9B8AE8A /* DownloadRequest.swift in Sources */,
				0A145AE58B04BD229488E232 /* HTTPHeaders.swift in Sources */,
				7331F2C511E314A9FE5E5D19 /* HTTPMethod.swift in Sources */,
				74A5DD607D41055C9F5410BF /* Notifications.swift in Sources */,
				AAB8CFD2B1EBB43F00E3D4B6 /* ParameterEncoder.swift in Sources */,
				9400FFB28A4CDEB05030E07D /* ParameterEncoding.swift in Sources */,
				947CF63C5CA5D9F64A36E355 /* Protected.swift in Sources */,
				E7533C4646D5A391912F9A03 /* Request.swift in Sources */,
				192A26DDB4B5AB26D2B9310C /* RequestTaskMap.swift in Sources */,
				F6D5A4825DBAA69C5925BBAF /* Response.swift in Sources */,
				DA655BA9ECD92482B67A52F8 /* Session.swift in Sources */,
				1AAD463B6BBF212F71540703 /* SessionDelegate.swift in Sources */,
				870AAEF1113D071FB83350CD /* URLConvertible+URLRequestConvertible.swift in Sources */,
				DC6D703DAF399180948792B7 /* UploadRequest.swift in Sources */,
				6E2539F27F812059C5E300B2 /* WebSocketRequest.swift in Sources */,
				C503328765FC0CB2C6F8CED9 /* DispatchQueue+Alamofire.swift in Sources */,
				49B8283EC316F1365C414CBB /* OperationQueue+Alamofire.swift in Sources */,
				1EEBD1B6A722DB2F2E262CE0 /* Result+Alamofire.swift in Sources */,
				8B598D97E7F9855FCEB32D5B /* StringEncoding+Alamofire.swift in Sources */,
				CE62AB1E8B9AB697452998EE /* URLRequest+Alamofire.swift in Sources */,
				7DDD2673487608C9610FF41C /* URLSessionConfiguration+Alamofire.swift in Sources */,
				7758D4DA59FEEE4F2AC529D5 /* AlamofireExtended.swift in Sources */,
				8AB0C029B5C2E92A87B8A014 /* AuthenticationInterceptor.swift in Sources */,
				594A84C0F7AAC11A60779B50 /* CachedResponseHandler.swift in Sources */,
				E84C5D2912EEA645BC5765DE /* Combine.swift in Sources */,
				C4669680B79536BAFA1FFB30 /* Concurrency.swift in Sources */,
				75545F5838C14E7B886218E9 /* EventMonitor.swift in Sources */,
				DECAD446F2FCDA4C9DBA456B /* MultipartFormData.swift in Sources */,
				54F0990C11A2C3525EEEE40E /* MultipartUpload.swift in Sources */,
				7AC8D6CB3B7A332B4666AB3E /* NetworkReachabilityManager.swift in Sources */,
				CAB77176F15B927F28BBB65C /* OfflineRetrier.swift in Sources */,
				DF8BA57D1A28DBEB80AC2861 /* RedirectHandler.swift in Sources */,
				27C0DA55467AB48AD05ED3EB /* RequestCompression.swift in Sources */,
				C73F44BF0725C627FFFABD4E /* RequestInterceptor.swift in Sources */,
				A2E30488F15696817C485D42 /* ResponseSerialization.swift in Sources */,
				34B4D9D33D9863270537F3C7 /* RetryPolicy.swift in Sources */,
				B7CCDC26B94449B70CD01075 /* ServerTrustEvaluation.swift in Sources */,
				10E2BB188282CAFEDEE38062 /* URLEncodedFormEncoder.swift in Sources */,
				0185B1C63A6182D9BF30DBF7 /* Validation.swift in Sources */,
				FE97517B7C67ABB312D9EBB4 /* TuistBundle+Alamofire.swift in Sources */,
			);
			runOnlyForDeploymentPostprocessing = 0;
		};
/* End PBXSourcesBuildPhase section */

/* Begin XCBuildConfiguration section */
		71281754286FBAAA3D37148B /* Debug */ = {
			isa = XCBuildConfiguration;
			buildSettings = {
				ALWAYS_SEARCH_USER_PATHS = YES;
				CLANG_ANALYZER_LOCALIZABILITY_NONLOCALIZED = YES;
				CLANG_ANALYZER_NONNULL = YES;
				CLANG_ANALYZER_NUMBER_OBJECT_CONVERSION = YES_AGGRESSIVE;
				CLANG_CXX_LANGUAGE_STANDARD = "gnu++14";
				CLANG_CXX_LIBRARY = "libc++";
				CLANG_ENABLE_MODULES = YES;
				CLANG_ENABLE_OBJC_ARC = YES;
				CLANG_ENABLE_OBJC_WEAK = NO;
				CLANG_WARN_BLOCK_CAPTURE_AUTORELEASING = YES;
				CLANG_WARN_BOOL_CONVERSION = YES;
				CLANG_WARN_COMMA = YES;
				CLANG_WARN_CONSTANT_CONVERSION = YES;
				CLANG_WARN_DEPRECATED_OBJC_IMPLEMENTATIONS = YES;
				CLANG_WARN_DIRECT_OBJC_ISA_USAGE = YES_ERROR;
				CLANG_WARN_DOCUMENTATION_COMMENTS = YES;
				CLANG_WARN_EMPTY_BODY = YES;
				CLANG_WARN_ENUM_CONVERSION = YES;
				CLANG_WARN_INFINITE_RECURSION = YES;
				CLANG_WARN_INT_CONVERSION = YES;
				CLANG_WARN_NON_LITERAL_NULL_CONVERSION = YES;
				CLANG_WARN_OBJC_IMPLICIT_RETAIN_SELF = YES;
				CLANG_WARN_OBJC_LITERAL_CONVERSION = YES;
				CLANG_WARN_OBJC_ROOT_CLASS = YES_ERROR;
				CLANG_WARN_QUOTED_INCLUDE_IN_FRAMEWORK_HEADER = NO;
				CLANG_WARN_RANGE_LOOP_ANALYSIS = YES;
				CLANG_WARN_STRICT_PROTOTYPES = YES;
				CLANG_WARN_SUSPICIOUS_MOVE = YES;
				CLANG_WARN_UNGUARDED_AVAILABILITY = YES_AGGRESSIVE;
				CLANG_WARN_UNREACHABLE_CODE = YES;
				CLANG_WARN__DUPLICATE_METHOD_MATCH = YES;
				COPY_PHASE_STRIP = NO;
				DEAD_CODE_STRIPPING = YES;
				DEBUG_INFORMATION_FORMAT = dwarf;
				ENABLE_STRICT_OBJC_MSGSEND = NO;
				ENABLE_TESTABILITY = YES;
				FRAMEWORK_SEARCH_PATHS = (
					"$(inherited)",
					"$(PLATFORM_DIR)/Developer/Library/Frameworks",
				);
				GCC_C_LANGUAGE_STANDARD = gnu11;
				GCC_DYNAMIC_NO_PIC = NO;
				GCC_NO_COMMON_BLOCKS = NO;
				GCC_OPTIMIZATION_LEVEL = 0;
				GCC_PREPROCESSOR_DEFINITIONS = (
					"$(inherited)",
					"DEBUG=1",
					"SWIFT_PACKAGE=1",
				);
				GCC_WARN_64_TO_32_BIT_CONVERSION = YES;
				GCC_WARN_ABOUT_RETURN_TYPE = YES_ERROR;
				GCC_WARN_INHIBIT_ALL_WARNINGS = YES;
				GCC_WARN_UNDECLARED_SELECTOR = YES;
				GCC_WARN_UNINITIALIZED_AUTOS = YES_AGGRESSIVE;
				GCC_WARN_UNUSED_FUNCTION = YES;
				GCC_WARN_UNUSED_VARIABLE = YES;
				MTL_ENABLE_DEBUG_INFO = YES;
				ONLY_ACTIVE_ARCH = YES;
				OTHER_SWIFT_FLAGS = (
					"$(inherited)",
					"-package-name",
					Alamofire,
				);
				PRODUCT_NAME = "$(TARGET_NAME)";
				SRCROOT = ../../checkouts/Alamofire;
				SWIFT_ACTIVE_COMPILATION_CONDITIONS = (
					"$(inherited)",
					SWIFT_PACKAGE,
				);
				SWIFT_SUPPRESS_WARNINGS = YES;
				SWIFT_VERSION = 5.0.0;
				USE_HEADERMAP = NO;
			};
			name = Debug;
		};
		ADB30AFBC1DBB2C51BB53EFD /* Release */ = {
			isa = XCBuildConfiguration;
			buildSettings = {
				ALWAYS_SEARCH_USER_PATHS = YES;
				CLANG_ANALYZER_LOCALIZABILITY_NONLOCALIZED = YES;
				CLANG_ANALYZER_NONNULL = YES;
				CLANG_ANALYZER_NUMBER_OBJECT_CONVERSION = YES_AGGRESSIVE;
				CLANG_CXX_LANGUAGE_STANDARD = "gnu++14";
				CLANG_CXX_LIBRARY = "libc++";
				CLANG_ENABLE_MODULES = YES;
				CLANG_ENABLE_OBJC_ARC = YES;
				CLANG_ENABLE_OBJC_WEAK = NO;
				CLANG_WARN_BLOCK_CAPTURE_AUTORELEASING = YES;
				CLANG_WARN_BOOL_CONVERSION = YES;
				CLANG_WARN_COMMA = YES;
				CLANG_WARN_CONSTANT_CONVERSION = YES;
				CLANG_WARN_DEPRECATED_OBJC_IMPLEMENTATIONS = YES;
				CLANG_WARN_DIRECT_OBJC_ISA_USAGE = YES_ERROR;
				CLANG_WARN_DOCUMENTATION_COMMENTS = YES;
				CLANG_WARN_EMPTY_BODY = YES;
				CLANG_WARN_ENUM_CONVERSION = YES;
				CLANG_WARN_INFINITE_RECURSION = YES;
				CLANG_WARN_INT_CONVERSION = YES;
				CLANG_WARN_NON_LITERAL_NULL_CONVERSION = YES;
				CLANG_WARN_OBJC_IMPLICIT_RETAIN_SELF = YES;
				CLANG_WARN_OBJC_LITERAL_CONVERSION = YES;
				CLANG_WARN_OBJC_ROOT_CLASS = YES_ERROR;
				CLANG_WARN_QUOTED_INCLUDE_IN_FRAMEWORK_HEADER = NO;
				CLANG_WARN_RANGE_LOOP_ANALYSIS = YES;
				CLANG_WARN_STRICT_PROTOTYPES = YES;
				CLANG_WARN_SUSPICIOUS_MOVE = YES;
				CLANG_WARN_UNGUARDED_AVAILABILITY = YES_AGGRESSIVE;
				CLANG_WARN_UNREACHABLE_CODE = YES;
				CLANG_WARN__DUPLICATE_METHOD_MATCH = YES;
				COPY_PHASE_STRIP = NO;
				DEAD_CODE_STRIPPING = YES;
				DEBUG_INFORMATION_FORMAT = "dwarf-with-dsym";
				ENABLE_NS_ASSERTIONS = NO;
				ENABLE_STRICT_OBJC_MSGSEND = NO;
				FRAMEWORK_SEARCH_PATHS = (
					"$(inherited)",
					"$(PLATFORM_DIR)/Developer/Library/Frameworks",
				);
				GCC_C_LANGUAGE_STANDARD = gnu11;
				GCC_NO_COMMON_BLOCKS = NO;
				GCC_PREPROCESSOR_DEFINITIONS = (
					"$(inherited)",
					"SWIFT_PACKAGE=1",
				);
				GCC_WARN_64_TO_32_BIT_CONVERSION = YES;
				GCC_WARN_ABOUT_RETURN_TYPE = YES_ERROR;
				GCC_WARN_INHIBIT_ALL_WARNINGS = YES;
				GCC_WARN_UNDECLARED_SELECTOR = YES;
				GCC_WARN_UNINITIALIZED_AUTOS = YES_AGGRESSIVE;
				GCC_WARN_UNUSED_FUNCTION = YES;
				GCC_WARN_UNUSED_VARIABLE = YES;
				MTL_ENABLE_DEBUG_INFO = NO;
				OTHER_SWIFT_FLAGS = (
					"$(inherited)",
					"-package-name",
					Alamofire,
				);
				PRODUCT_NAME = "$(TARGET_NAME)";
				SRCROOT = ../../checkouts/Alamofire;
				SWIFT_ACTIVE_COMPILATION_CONDITIONS = (
					"$(inherited)",
					SWIFT_PACKAGE,
				);
				SWIFT_SUPPRESS_WARNINGS = YES;
				SWIFT_VERSION = 5.0.0;
				USE_HEADERMAP = NO;
				VALIDATE_PRODUCT = YES;
			};
			name = Release;
		};
		D99CFAC9AEF7EC25D31922EF /* Release */ = {
			isa = XCBuildConfiguration;
			buildSettings = {
				CODE_SIGN_IDENTITY = "";
				CURRENT_PROJECT_VERSION = 1;
				DEFINES_MODULE = YES;
				DYLIB_COMPATIBILITY_VERSION = 1;
				DYLIB_CURRENT_VERSION = 1;
				DYLIB_INSTALL_NAME_BASE = "@rpath";
				INFOPLIST_FILE = "$(SRCROOT)/../../tuist-derived/Alamofire/InfoPlists/Alamofire-Info.plist";
				INSTALL_PATH = "$(LOCAL_LIBRARY_DIR)/Frameworks";
				IPHONEOS_DEPLOYMENT_TARGET = 12.0;
				LD_RUNPATH_SEARCH_PATHS = (
					"$(inherited)",
					"@executable_path/Frameworks",
					"@loader_path/Frameworks",
				);
				OTHER_SWIFT_FLAGS = (
					"$(inherited)",
					"-enable-upcoming-feature \"ExistentialAny\"",
				);
				PRODUCT_BUNDLE_IDENTIFIER = dev.tuist.Alamofire;
				PRODUCT_NAME = Alamofire;
				SDKROOT = iphoneos;
				SKIP_INSTALL = YES;
				SUPPORTS_MACCATALYST = NO;
				SUPPORTS_MAC_DESIGNED_FOR_IPHONE_IPAD = YES;
				SUPPORTS_XR_DESIGNED_FOR_IPHONE_IPAD = NO;
				SWIFT_COMPILATION_MODE = wholemodule;
				SWIFT_OPTIMIZATION_LEVEL = "-O";
				TARGETED_DEVICE_FAMILY = "1,2";
				VERSIONING_SYSTEM = "apple-generic";
				VERSION_INFO_PREFIX = "";
			};
			name = Release;
		};
		E4C31F0CF04B298FE3CA1D2B /* Debug */ = {
			isa = XCBuildConfiguration;
			buildSettings = {
				BUILT_PRODUCTS_DIR = "$(CONFIGURATION_BUILD_DIR)$(TARGET_BUILD_SUBPATH)/$(PRODUCT_NAME)";
				CODE_SIGN_IDENTITY = "";
				CURRENT_PROJECT_VERSION = 1;
				DEFINES_MODULE = YES;
				DYLIB_COMPATIBILITY_VERSION = 1;
				DYLIB_CURRENT_VERSION = 1;
				DYLIB_INSTALL_NAME_BASE = "@rpath";
				FRAMEWORK_SEARCH_PATHS = "$(CONFIGURATION_BUILD_DIR)$(TARGET_BUILD_SUBPATH)";
				INFOPLIST_FILE = "$(SRCROOT)/../../tuist-derived/Alamofire/InfoPlists/Alamofire-Info.plist";
				INSTALL_PATH = "$(LOCAL_LIBRARY_DIR)/Frameworks";
				IPHONEOS_DEPLOYMENT_TARGET = 12.0;
				LD_RUNPATH_SEARCH_PATHS = (
					"$(inherited)",
					"@executable_path/Frameworks",
					"@loader_path/Frameworks",
				);
				OTHER_SWIFT_FLAGS = (
					"$(inherited)",
					"-enable-upcoming-feature \"ExistentialAny\"",
				);
				PRODUCT_BUNDLE_IDENTIFIER = dev.tuist.Alamofire;
				PRODUCT_NAME = Alamofire;
				SDKROOT = iphoneos;
				SKIP_INSTALL = YES;
				SUPPORTS_MACCATALYST = NO;
				SUPPORTS_MAC_DESIGNED_FOR_IPHONE_IPAD = YES;
				SUPPORTS_XR_DESIGNED_FOR_IPHONE_IPAD = NO;
				SWIFT_ACTIVE_COMPILATION_CONDITIONS = (
					"$(inherited)",
					DEBUG,
				);
				SWIFT_COMPILATION_MODE = singlefile;
				SWIFT_OPTIMIZATION_LEVEL = "-Onone";
				TARGETED_DEVICE_FAMILY = "1,2";
				TARGET_BUILD_DIR = "$(CONFIGURATION_BUILD_DIR)$(TARGET_BUILD_SUBPATH)/$(PRODUCT_NAME)";
				VERSIONING_SYSTEM = "apple-generic";
				VERSION_INFO_PREFIX = "";
			};
			name = Debug;
		};
/* End XCBuildConfiguration section */

/* Begin XCConfigurationList section */
		35AEBC2E4525CD6CDC41B369 /* Build configuration list for PBXNativeTarget "Alamofire" */ = {
			isa = XCConfigurationList;
			buildConfigurations = (
				E4C31F0CF04B298FE3CA1D2B /* Debug */,
				D99CFAC9AEF7EC25D31922EF /* Release */,
			);
			defaultConfigurationIsVisible = 0;
			defaultConfigurationName = Release;
		};
		6886ED232AAA40AE7B2F2D0A /* Build configuration list for PBXProject "Alamofire" */ = {
			isa = XCConfigurationList;
			buildConfigurations = (
				71281754286FBAAA3D37148B /* Debug */,
				ADB30AFBC1DBB2C51BB53EFD /* Release */,
			);
			defaultConfigurationIsVisible = 0;
			defaultConfigurationName = Release;
		};
/* End XCConfigurationList section */
	};
	rootObject = BEBA27673E873263E302447A /* Project object */;
}
